
Microsoft Visual Studio Solution File, Format Version 12.00
# Visual Studio 2012
Project("{D954291E-2A0B-460D-934E-DC6B0785DB48}") = "monoEngine", "monoEngine\monoEngine.shproj", "{BBF1EDDA-EAEC-465E-ADB9-01C4872F097F}"
EndProject
Project("{FAE04EC0-301F-11D3-BF4B-00C04F79EFBC}") = "MonoGame-Tiles", "..\..\MonoGame-Tiles\MonoGame-Tiles\MonoGame-Tiles.csproj", "{80C3301D-93BB-40A3-A5E8-11CA0A061CF1}"
EndProject
Global
	GlobalSection(SolutionConfigurationPlatforms) = preSolution
		Debug|x86 = Debug|x86
		Release|x86 = Release|x86
	EndGlobalSection
	GlobalSection(ProjectConfigurationPlatforms) = postSolution
		{80C3301D-93BB-40A3-A5E8-11CA0A061CF1}.Debug|x86.ActiveCfg = Debug|x86
		{80C3301D-93BB-40A3-A5E8-11CA0A061CF1}.Debug|x86.Build.0 = Debug|x86
		{80C3301D-93BB-40A3-A5E8-11CA0A061CF1}.Release|x86.ActiveCfg = Release|x86
		{80C3301D-93BB-40A3-A5E8-11CA0A061CF1}.Release|x86.Build.0 = Release|x86
	EndGlobalSection
EndGlobal
